
Microsoft Visual Studio Solution File, Format Version 12.00
# Visual Studio Version 17
VisualStudioVersion = 17.6.33829.357
MinimumVisualStudioVersion = 10.0.40219.1
Project("{9A19103F-16F7-4668-BE54-9A1E7A4F7556}") = "monogame_pong", "monogame_pong.csproj", "{36979B22-AD39-4A89-842D-82521EB38E36}"
EndProject
Global
	GlobalSection(SolutionConfigurationPlatforms) = preSolution
		Debug|Any CPU = Debug|Any CPU
		Release|Any CPU = Release|Any CPU
	EndGlobalSection
	GlobalSection(ProjectConfigurationPlatforms) = postSolution
		{36979B22-AD39-4A89-842D-82521EB38E36}.Debug|Any CPU.ActiveCfg = Debug|Any CPU
		{36979B22-AD39-4A89-842D-82521EB38E36}.Debug|Any CPU.Build.0 = Debug|Any CPU
		{36979B22-AD39-4A89-842D-82521EB38E36}.Release|Any CPU.ActiveCfg = Release|Any CPU
		{36979B22-AD39-4A89-842D-82521EB38E36}.Release|Any CPU.Build.0 = Release|Any CPU
	EndGlobalSection
	GlobalSection(SolutionProperties) = preSolution
		HideSolutionNode = FALSE
	EndGlobalSection
	GlobalSection(ExtensibilityGlobals) = postSolution
		SolutionGuid = {246B980A-B48A-4617-A195-0B6885C7D4DF}
	EndGlobalSection
EndGlobal
